// !$*UTF8*$!
{
	archiveVersion = 1;
	classes = {
	};
	objectVersion = 50;
	objects = {

/* Begin PBXBuildFile section */
		278A8AC8D694A8B7A30E1DF8 /* Pods_CoreDataProject.framework in Frameworks */ = {isa = PBXBuildFile; fileRef = 5BA4E2304F213EF1E24AE841 /* Pods_CoreDataProject.framework */; };
		938657D621E9CE14009C2341 /* RestAPIFile.swift in Sources */ = {isa = PBXBuildFile; fileRef = 938657D521E9CE13009C2341 /* RestAPIFile.swift */; };
		938657D821E9CFC7009C2341 /* ConstantTools.swift in Sources */ = {isa = PBXBuildFile; fileRef = 938657D721E9CFC7009C2341 /* ConstantTools.swift */; };
		938657DA21E9D246009C2341 /* Constants.swift in Sources */ = {isa = PBXBuildFile; fileRef = 938657D921E9D246009C2341 /* Constants.swift */; };
		938657E521EA202A009C2341 /* SubViewController.swift in Sources */ = {isa = PBXBuildFile; fileRef = 938657E421EA202A009C2341 /* SubViewController.swift */; };
		938657E721EA2229009C2341 /* SubDeptCollectionViewCell.swift in Sources */ = {isa = PBXBuildFile; fileRef = 938657E621EA2229009C2341 /* SubDeptCollectionViewCell.swift */; };
		9397380821EB23BE00F6A143 /* RecordpathViewController.swift in Sources */ = {isa = PBXBuildFile; fileRef = 9397380721EB23BE00F6A143 /* RecordpathViewController.swift */; };
		9397380A21EB49CF00F6A143 /* TimerFile.swift in Sources */ = {isa = PBXBuildFile; fileRef = 9397380921EB49CF00F6A143 /* TimerFile.swift */; };
		9397380C21EB5DF800F6A143 /* SignalStrengthIndicator.swift in Sources */ = {isa = PBXBuildFile; fileRef = 9397380B21EB5DF800F6A143 /* SignalStrengthIndicator.swift */; };
		93AEFEF021F5B40500893CCB /* OnboardingScreens.storyboard in Resources */ = {isa = PBXBuildFile; fileRef = 93AEFEEF21F5B40500893CCB /* OnboardingScreens.storyboard */; };
		93AEFEF321F5B59000893CCB /* ONBoardingOneViewController.swift in Sources */ = {isa = PBXBuildFile; fileRef = 93AEFEF221F5B59000893CCB /* ONBoardingOneViewController.swift */; };
		93AEFEF521F5B5A300893CCB /* OneBoardingTwoViewController.swift in Sources */ = {isa = PBXBuildFile; fileRef = 93AEFEF421F5B5A300893CCB /* OneBoardingTwoViewController.swift */; };
		93AEFEF821F5B89700893CCB /* M1.png in Resources */ = {isa = PBXBuildFile; fileRef = 93AEFEF721F5B89700893CCB /* M1.png */; };
		93AEFEFA21F5B89C00893CCB /* Subway.jpg in Resources */ = {isa = PBXBuildFile; fileRef = 93AEFEF921F5B89C00893CCB /* Subway.jpg */; };
		FA5A9FA121F84E2C00518BD1 /* CoreDataStack.swift in Sources */ = {isa = PBXBuildFile; fileRef = FA5A9FA021F84E2B00518BD1 /* CoreDataStack.swift */; };
		FA7D030E21E8BB8C0036FBC1 /* AppDelegate.swift in Sources */ = {isa = PBXBuildFile; fileRef = FA7D030D21E8BB8C0036FBC1 /* AppDelegate.swift */; };
		FA7D031021E8BB8C0036FBC1 /* ViewController.swift in Sources */ = {isa = PBXBuildFile; fileRef = FA7D030F21E8BB8C0036FBC1 /* ViewController.swift */; };
		FA7D031321E8BB8C0036FBC1 /* Main.storyboard in Resources */ = {isa = PBXBuildFile; fileRef = FA7D031121E8BB8C0036FBC1 /* Main.storyboard */; };
		FA7D031621E8BB8C0036FBC1 /* CoreDataProject.xcdatamodeld in Sources */ = {isa = PBXBuildFile; fileRef = FA7D031421E8BB8C0036FBC1 /* CoreDataProject.xcdatamodeld */; };
		FA7D031821E8BB950036FBC1 /* Assets.xcassets in Resources */ = {isa = PBXBuildFile; fileRef = FA7D031721E8BB950036FBC1 /* Assets.xcassets */; };
		FA7D031B21E8BB950036FBC1 /* LaunchScreen.storyboard in Resources */ = {isa = PBXBuildFile; fileRef = FA7D031921E8BB950036FBC1 /* LaunchScreen.storyboard */; };
		FA7D032321E8C00F0036FBC1 /* CollectionViewCell.swift in Sources */ = {isa = PBXBuildFile; fileRef = FA7D032221E8C00F0036FBC1 /* CollectionViewCell.swift */; };
		FA7D032521E8C0CB0036FBC1 /* ArraysFile.swift in Sources */ = {isa = PBXBuildFile; fileRef = FA7D032421E8C0CB0036FBC1 /* ArraysFile.swift */; };
		FA7D032721E8C1D20036FBC1 /* Reachability.swift in Sources */ = {isa = PBXBuildFile; fileRef = FA7D032621E8C1D20036FBC1 /* Reachability.swift */; };
		FA92054321EEEE4D005E2A96 /* Utils.swift in Sources */ = {isa = PBXBuildFile; fileRef = FA92054221EEEE4C005E2A96 /* Utils.swift */; };
/* End PBXBuildFile section */

/* Begin PBXFileReference section */
		5BA4E2304F213EF1E24AE841 /* Pods_CoreDataProject.framework */ = {isa = PBXFileReference; explicitFileType = wrapper.framework; includeInIndex = 0; path = Pods_CoreDataProject.framework; sourceTree = BUILT_PRODUCTS_DIR; };
		938657D521E9CE13009C2341 /* RestAPIFile.swift */ = {isa = PBXFileReference; lastKnownFileType = sourcecode.swift; path = RestAPIFile.swift; sourceTree = "<group>"; };
		938657D721E9CFC7009C2341 /* ConstantTools.swift */ = {isa = PBXFileReference; fileEncoding = 4; lastKnownFileType = sourcecode.swift; path = ConstantTools.swift; sourceTree = "<group>"; };
		938657D921E9D246009C2341 /* Constants.swift */ = {isa = PBXFileReference; fileEncoding = 4; lastKnownFileType = sourcecode.swift; path = Constants.swift; sourceTree = "<group>"; };
		938657E421EA202A009C2341 /* SubViewController.swift */ = {isa = PBXFileReference; lastKnownFileType = sourcecode.swift; path = SubViewController.swift; sourceTree = "<group>"; };
		938657E621EA2229009C2341 /* SubDeptCollectionViewCell.swift */ = {isa = PBXFileReference; lastKnownFileType = sourcecode.swift; path = SubDeptCollectionViewCell.swift; sourceTree = "<group>"; };
		9397380721EB23BE00F6A143 /* RecordpathViewController.swift */ = {isa = PBXFileReference; lastKnownFileType = sourcecode.swift; path = RecordpathViewController.swift; sourceTree = "<group>"; };
		9397380921EB49CF00F6A143 /* TimerFile.swift */ = {isa = PBXFileReference; lastKnownFileType = sourcecode.swift; path = TimerFile.swift; sourceTree = "<group>"; };
		9397380B21EB5DF800F6A143 /* SignalStrengthIndicator.swift */ = {isa = PBXFileReference; fileEncoding = 4; lastKnownFileType = sourcecode.swift; path = SignalStrengthIndicator.swift; sourceTree = "<group>"; };
		93AEFEEF21F5B40500893CCB /* OnboardingScreens.storyboard */ = {isa = PBXFileReference; lastKnownFileType = file.storyboard; path = OnboardingScreens.storyboard; sourceTree = "<group>"; };
		93AEFEF221F5B59000893CCB /* ONBoardingOneViewController.swift */ = {isa = PBXFileReference; lastKnownFileType = sourcecode.swift; path = ONBoardingOneViewController.swift; sourceTree = "<group>"; };
		93AEFEF421F5B5A300893CCB /* OneBoardingTwoViewController.swift */ = {isa = PBXFileReference; lastKnownFileType = sourcecode.swift; path = OneBoardingTwoViewController.swift; sourceTree = "<group>"; };
		93AEFEF721F5B89700893CCB /* M1.png */ = {isa = PBXFileReference; lastKnownFileType = image.png; path = M1.png; sourceTree = "<group>"; };
		93AEFEF921F5B89C00893CCB /* Subway.jpg */ = {isa = PBXFileReference; lastKnownFileType = image.jpeg; path = Subway.jpg; sourceTree = "<group>"; };
		A886131AD3D9518BB8D5D4C2 /* Pods-CoreDataProject.debug.xcconfig */ = {isa = PBXFileReference; includeInIndex = 1; lastKnownFileType = text.xcconfig; name = "Pods-CoreDataProject.debug.xcconfig"; path = "Pods/Target Support Files/Pods-CoreDataProject/Pods-CoreDataProject.debug.xcconfig"; sourceTree = "<group>"; };
		BEE30C34A9630AB25EBECDEC /* Pods-CoreDataProject.release.xcconfig */ = {isa = PBXFileReference; includeInIndex = 1; lastKnownFileType = text.xcconfig; name = "Pods-CoreDataProject.release.xcconfig"; path = "Pods/Target Support Files/Pods-CoreDataProject/Pods-CoreDataProject.release.xcconfig"; sourceTree = "<group>"; };
		FA5A9FA021F84E2B00518BD1 /* CoreDataStack.swift */ = {isa = PBXFileReference; fileEncoding = 4; lastKnownFileType = sourcecode.swift; path = CoreDataStack.swift; sourceTree = "<group>"; };
		FA7D030A21E8BB8C0036FBC1 /* CoreDataProject.app */ = {isa = PBXFileReference; explicitFileType = wrapper.application; includeInIndex = 0; path = CoreDataProject.app; sourceTree = BUILT_PRODUCTS_DIR; };
		FA7D030D21E8BB8C0036FBC1 /* AppDelegate.swift */ = {isa = PBXFileReference; lastKnownFileType = sourcecode.swift; path = AppDelegate.swift; sourceTree = "<group>"; };
		FA7D030F21E8BB8C0036FBC1 /* ViewController.swift */ = {isa = PBXFileReference; lastKnownFileType = sourcecode.swift; path = ViewController.swift; sourceTree = "<group>"; };
		FA7D031221E8BB8C0036FBC1 /* Base */ = {isa = PBXFileReference; lastKnownFileType = file.storyboard; name = Base; path = Base.lproj/Main.storyboard; sourceTree = "<group>"; };
		FA7D031521E8BB8C0036FBC1 /* CoreDataProject.xcdatamodel */ = {isa = PBXFileReference; lastKnownFileType = wrapper.xcdatamodel; path = CoreDataProject.xcdatamodel; sourceTree = "<group>"; };
		FA7D031721E8BB950036FBC1 /* Assets.xcassets */ = {isa = PBXFileReference; lastKnownFileType = folder.assetcatalog; path = Assets.xcassets; sourceTree = "<group>"; };
		FA7D031A21E8BB950036FBC1 /* Base */ = {isa = PBXFileReference; lastKnownFileType = file.storyboard; name = Base; path = Base.lproj/LaunchScreen.storyboard; sourceTree = "<group>"; };
		FA7D031C21E8BB950036FBC1 /* Info.plist */ = {isa = PBXFileReference; lastKnownFileType = text.plist.xml; path = Info.plist; sourceTree = "<group>"; };
		FA7D032221E8C00F0036FBC1 /* CollectionViewCell.swift */ = {isa = PBXFileReference; lastKnownFileType = sourcecode.swift; path = CollectionViewCell.swift; sourceTree = "<group>"; };
		FA7D032421E8C0CB0036FBC1 /* ArraysFile.swift */ = {isa = PBXFileReference; lastKnownFileType = sourcecode.swift; path = ArraysFile.swift; sourceTree = "<group>"; };
		FA7D032621E8C1D20036FBC1 /* Reachability.swift */ = {isa = PBXFileReference; fileEncoding = 4; lastKnownFileType = sourcecode.swift; path = Reachability.swift; sourceTree = "<group>"; };
		FA92054221EEEE4C005E2A96 /* Utils.swift */ = {isa = PBXFileReference; fileEncoding = 4; lastKnownFileType = sourcecode.swift; path = Utils.swift; sourceTree = "<group>"; };
/* End PBXFileReference section */

/* Begin PBXFrameworksBuildPhase section */
		FA7D030721E8BB8C0036FBC1 /* Frameworks */ = {
			isa = PBXFrameworksBuildPhase;
			buildActionMask = 2147483647;
			files = (
				278A8AC8D694A8B7A30E1DF8 /* Pods_CoreDataProject.framework in Frameworks */,
			);
			runOnlyForDeploymentPostprocessing = 0;
		};
/* End PBXFrameworksBuildPhase section */

/* Begin PBXGroup section */
		23CAB3312A109C7F5B6F8BC0 /* Frameworks */ = {
			isa = PBXGroup;
			children = (
				5BA4E2304F213EF1E24AE841 /* Pods_CoreDataProject.framework */,
			);
			name = Frameworks;
			sourceTree = "<group>";
		};
		938657D421E9CDD6009C2341 /* SwiftFiles */ = {
			isa = PBXGroup;
			children = (
				9397380B21EB5DF800F6A143 /* SignalStrengthIndicator.swift */,
				FA5A9FA021F84E2B00518BD1 /* CoreDataStack.swift */,
				FA92054221EEEE4C005E2A96 /* Utils.swift */,
				FA7D032621E8C1D20036FBC1 /* Reachability.swift */,
				FA7D032421E8C0CB0036FBC1 /* ArraysFile.swift */,
				938657D921E9D246009C2341 /* Constants.swift */,
				938657D721E9CFC7009C2341 /* ConstantTools.swift */,
				938657D521E9CE13009C2341 /* RestAPIFile.swift */,
				9397380921EB49CF00F6A143 /* TimerFile.swift */,
			);
			path = SwiftFiles;
			sourceTree = "<group>";
		};
		938657DB21E9E6FB009C2341 /* Cells */ = {
			isa = PBXGroup;
			children = (
				FA7D032221E8C00F0036FBC1 /* CollectionViewCell.swift */,
				938657E621EA2229009C2341 /* SubDeptCollectionViewCell.swift */,
			);
			path = Cells;
			sourceTree = "<group>";
		};
		938657DC21E9E72C009C2341 /* ViewControllers */ = {
			isa = PBXGroup;
			children = (
				FA7D030D21E8BB8C0036FBC1 /* AppDelegate.swift */,
				FA7D030F21E8BB8C0036FBC1 /* ViewController.swift */,
				938657E421EA202A009C2341 /* SubViewController.swift */,
				9397380721EB23BE00F6A143 /* RecordpathViewController.swift */,
			);
			path = ViewControllers;
			sourceTree = "<group>";
		};
		938657DD21E9E748009C2341 /* Design */ = {
			isa = PBXGroup;
			children = (
				FA7D031121E8BB8C0036FBC1 /* Main.storyboard */,
				93AEFEEF21F5B40500893CCB /* OnboardingScreens.storyboard */,
				FA7D031721E8BB950036FBC1 /* Assets.xcassets */,
				FA7D031921E8BB950036FBC1 /* LaunchScreen.storyboard */,
				FA7D031421E8BB8C0036FBC1 /* CoreDataProject.xcdatamodeld */,
			);
			path = Design;
			sourceTree = "<group>";
		};
		93AEFEF121F5B56200893CCB /* ONBoardingControllers */ = {
			isa = PBXGroup;
			children = (
				93AEFEF621F5B82000893CCB /* ONBoardingScreensImages */,
				93AEFEF221F5B59000893CCB /* ONBoardingOneViewController.swift */,
				93AEFEF421F5B5A300893CCB /* OneBoardingTwoViewController.swift */,
			);
			path = ONBoardingControllers;
			sourceTree = "<group>";
		};
		93AEFEF621F5B82000893CCB /* ONBoardingScreensImages */ = {
			isa = PBXGroup;
			children = (
				93AEFEF921F5B89C00893CCB /* Subway.jpg */,
				93AEFEF721F5B89700893CCB /* M1.png */,
			);
			path = ONBoardingScreensImages;
			sourceTree = "<group>";
		};
		CBD7BE58321E1D2551C0759A /* Pods */ = {
			isa = PBXGroup;
			children = (
				A886131AD3D9518BB8D5D4C2 /* Pods-CoreDataProject.debug.xcconfig */,
				BEE30C34A9630AB25EBECDEC /* Pods-CoreDataProject.release.xcconfig */,
			);
			name = Pods;
			sourceTree = "<group>";
		};
		FA7D030121E8BB8C0036FBC1 = {
			isa = PBXGroup;
			children = (
				FA7D030C21E8BB8C0036FBC1 /* CoreDataProject */,
				FA7D030B21E8BB8C0036FBC1 /* Products */,
				CBD7BE58321E1D2551C0759A /* Pods */,
				23CAB3312A109C7F5B6F8BC0 /* Frameworks */,
			);
			sourceTree = "<group>";
		};
		FA7D030B21E8BB8C0036FBC1 /* Products */ = {
			isa = PBXGroup;
			children = (
				FA7D030A21E8BB8C0036FBC1 /* CoreDataProject.app */,
			);
			name = Products;
			sourceTree = "<group>";
		};
		FA7D030C21E8BB8C0036FBC1 /* CoreDataProject */ = {
			isa = PBXGroup;
			children = (
				93AEFEF121F5B56200893CCB /* ONBoardingControllers */,
				FA7D031C21E8BB950036FBC1 /* Info.plist */,
				938657DC21E9E72C009C2341 /* ViewControllers */,
				938657D421E9CDD6009C2341 /* SwiftFiles */,
				938657DB21E9E6FB009C2341 /* Cells */,
				938657DD21E9E748009C2341 /* Design */,
			);
			path = CoreDataProject;
			sourceTree = "<group>";
		};
/* End PBXGroup section */

/* Begin PBXNativeTarget section */
		FA7D030921E8BB8C0036FBC1 /* CoreDataProject */ = {
			isa = PBXNativeTarget;
			buildConfigurationList = FA7D031F21E8BB950036FBC1 /* Build configuration list for PBXNativeTarget "CoreDataProject" */;
			buildPhases = (
				8B4A0DD9F98C29E8E58EF40D /* [CP] Check Pods Manifest.lock */,
				FA7D030621E8BB8C0036FBC1 /* Sources */,
				FA7D030721E8BB8C0036FBC1 /* Frameworks */,
				FA7D030821E8BB8C0036FBC1 /* Resources */,
				13AA2A81B90C8169D59A928D /* [CP] Embed Pods Frameworks */,
				219456F4EB71F5F18180E56A /* [CP] Copy Pods Resources */,
			);
			buildRules = (
			);
			dependencies = (
			);
			name = CoreDataProject;
			productName = CoreDataProject;
			productReference = FA7D030A21E8BB8C0036FBC1 /* CoreDataProject.app */;
			productType = "com.apple.product-type.application";
		};
/* End PBXNativeTarget section */

/* Begin PBXProject section */
		FA7D030221E8BB8C0036FBC1 /* Project object */ = {
			isa = PBXProject;
			attributes = {
				LastSwiftUpdateCheck = 1010;
				LastUpgradeCheck = 1010;
				ORGANIZATIONNAME = "MAC BOOK";
				TargetAttributes = {
					FA7D030921E8BB8C0036FBC1 = {
						CreatedOnToolsVersion = 10.1;
					};
				};
			};
			buildConfigurationList = FA7D030521E8BB8C0036FBC1 /* Build configuration list for PBXProject "CoreDataProject" */;
			compatibilityVersion = "Xcode 9.3";
			developmentRegion = en;
			hasScannedForEncodings = 0;
			knownRegions = (
				en,
				Base,
			);
			mainGroup = FA7D030121E8BB8C0036FBC1;
			productRefGroup = FA7D030B21E8BB8C0036FBC1 /* Products */;
			projectDirPath = "";
			projectRoot = "";
			targets = (
				FA7D030921E8BB8C0036FBC1 /* CoreDataProject */,
			);
		};
/* End PBXProject section */

/* Begin PBXResourcesBuildPhase section */
		FA7D030821E8BB8C0036FBC1 /* Resources */ = {
			isa = PBXResourcesBuildPhase;
			buildActionMask = 2147483647;
			files = (
				93AEFEF821F5B89700893CCB /* M1.png in Resources */,
				FA7D031B21E8BB950036FBC1 /* LaunchScreen.storyboard in Resources */,
				93AEFEF021F5B40500893CCB /* OnboardingScreens.storyboard in Resources */,
				FA7D031821E8BB950036FBC1 /* Assets.xcassets in Resources */,
				93AEFEFA21F5B89C00893CCB /* Subway.jpg in Resources */,
				FA7D031321E8BB8C0036FBC1 /* Main.storyboard in Resources */,
			);
			runOnlyForDeploymentPostprocessing = 0;
		};
/* End PBXResourcesBuildPhase section */

/* Begin PBXShellScriptBuildPhase section */
		13AA2A81B90C8169D59A928D /* [CP] Embed Pods Frameworks */ = {
			isa = PBXShellScriptBuildPhase;
			buildActionMask = 2147483647;
			files = (
			);
			inputPaths = (
				"${SRCROOT}/Pods/Target Support Files/Pods-CoreDataProject/Pods-CoreDataProject-frameworks.sh",
				"${BUILT_PRODUCTS_DIR}/Auk/Auk.framework",
				"${BUILT_PRODUCTS_DIR}/IQKeyboardManagerSwift/IQKeyboardManagerSwift.framework",
				"${BUILT_PRODUCTS_DIR}/MRProgress/MRProgress.framework",
				"${BUILT_PRODUCTS_DIR}/SDWebImage/SDWebImage.framework",
				"${BUILT_PRODUCTS_DIR}/SVProgressHUD/SVProgressHUD.framework",
				"${BUILT_PRODUCTS_DIR}/moa/moa.framework",
			);
			name = "[CP] Embed Pods Frameworks";
			outputPaths = (
				"${TARGET_BUILD_DIR}/${FRAMEWORKS_FOLDER_PATH}/Auk.framework",
				"${TARGET_BUILD_DIR}/${FRAMEWORKS_FOLDER_PATH}/IQKeyboardManagerSwift.framework",
				"${TARGET_BUILD_DIR}/${FRAMEWORKS_FOLDER_PATH}/MRProgress.framework",
				"${TARGET_BUILD_DIR}/${FRAMEWORKS_FOLDER_PATH}/SDWebImage.framework",
				"${TARGET_BUILD_DIR}/${FRAMEWORKS_FOLDER_PATH}/SVProgressHUD.framework",
				"${TARGET_BUILD_DIR}/${FRAMEWORKS_FOLDER_PATH}/moa.framework",
			);
			runOnlyForDeploymentPostprocessing = 0;
			shellPath = /bin/sh;
			shellScript = "\"${SRCROOT}/Pods/Target Support Files/Pods-CoreDataProject/Pods-CoreDataProject-frameworks.sh\"\n";
			showEnvVarsInLog = 0;
		};
		219456F4EB71F5F18180E56A /* [CP] Copy Pods Resources */ = {
			isa = PBXShellScriptBuildPhase;
			buildActionMask = 2147483647;
			files = (
			);
			inputPaths = (
				"${SRCROOT}/Pods/Target Support Files/Pods-CoreDataProject/Pods-CoreDataProject-resources.sh",
				"${PODS_ROOT}/GoogleMaps/Maps/Frameworks/GoogleMaps.framework/Resources/GoogleMaps.bundle",
				"${PODS_ROOT}/GooglePlaces/Frameworks/GooglePlaces.framework/Resources/GooglePlaces.bundle",
			);
			name = "[CP] Copy Pods Resources";
			outputPaths = (
				"${TARGET_BUILD_DIR}/${UNLOCALIZED_RESOURCES_FOLDER_PATH}/GoogleMaps.bundle",
				"${TARGET_BUILD_DIR}/${UNLOCALIZED_RESOURCES_FOLDER_PATH}/GooglePlaces.bundle",
			);
			runOnlyForDeploymentPostprocessing = 0;
			shellPath = /bin/sh;
			shellScript = "\"${SRCROOT}/Pods/Target Support Files/Pods-CoreDataProject/Pods-CoreDataProject-resources.sh\"\n";
			showEnvVarsInLog = 0;
		};
		8B4A0DD9F98C29E8E58EF40D /* [CP] Check Pods Manifest.lock */ = {
			isa = PBXShellScriptBuildPhase;
			buildActionMask = 2147483647;
			files = (
			);
			inputPaths = (
				"${PODS_PODFILE_DIR_PATH}/Podfile.lock",
				"${PODS_ROOT}/Manifest.lock",
			);
			name = "[CP] Check Pods Manifest.lock";
			outputPaths = (
				"$(DERIVED_FILE_DIR)/Pods-CoreDataProject-checkManifestLockResult.txt",
			);
			runOnlyForDeploymentPostprocessing = 0;
			shellPath = /bin/sh;
			shellScript = "diff \"${PODS_PODFILE_DIR_PATH}/Podfile.lock\" \"${PODS_ROOT}/Manifest.lock\" > /dev/null\nif [ $? != 0 ] ; then\n    # print error to STDERR\n    echo \"error: The sandbox is not in sync with the Podfile.lock. Run 'pod install' or update your CocoaPods installation.\" >&2\n    exit 1\nfi\n# This output is used by Xcode 'outputs' to avoid re-running this script phase.\necho \"SUCCESS\" > \"${SCRIPT_OUTPUT_FILE_0}\"\n";
			showEnvVarsInLog = 0;
		};
/* End PBXShellScriptBuildPhase section */

/* Begin PBXSourcesBuildPhase section */
		FA7D030621E8BB8C0036FBC1 /* Sources */ = {
			isa = PBXSourcesBuildPhase;
			buildActionMask = 2147483647;
			files = (
				93AEFEF321F5B59000893CCB /* ONBoardingOneViewController.swift in Sources */,
				93AEFEF521F5B5A300893CCB /* OneBoardingTwoViewController.swift in Sources */,
				FA7D031021E8BB8C0036FBC1 /* ViewController.swift in Sources */,
				FA5A9FA121F84E2C00518BD1 /* CoreDataStack.swift in Sources */,
				938657D821E9CFC7009C2341 /* ConstantTools.swift in Sources */,
				FA7D030E21E8BB8C0036FBC1 /* AppDelegate.swift in Sources */,
				FA7D032721E8C1D20036FBC1 /* Reachability.swift in Sources */,
				9397380821EB23BE00F6A143 /* RecordpathViewController.swift in Sources */,
				FA7D032321E8C00F0036FBC1 /* CollectionViewCell.swift in Sources */,
				FA7D031621E8BB8C0036FBC1 /* CoreDataProject.xcdatamodeld in Sources */,
				938657D621E9CE14009C2341 /* RestAPIFile.swift in Sources */,
				FA92054321EEEE4D005E2A96 /* Utils.swift in Sources */,
				9397380C21EB5DF800F6A143 /* SignalStrengthIndicator.swift in Sources */,
				9397380A21EB49CF00F6A143 /* TimerFile.swift in Sources */,
				938657E521EA202A009C2341 /* SubViewController.swift in Sources */,
				FA7D032521E8C0CB0036FBC1 /* ArraysFile.swift in Sources */,
				938657E721EA2229009C2341 /* SubDeptCollectionViewCell.swift in Sources */,
				938657DA21E9D246009C2341 /* Constants.swift in Sources */,
			);
			runOnlyForDeploymentPostprocessing = 0;
		};
/* End PBXSourcesBuildPhase section */

/* Begin PBXVariantGroup section */
		FA7D031121E8BB8C0036FBC1 /* Main.storyboard */ = {
			isa = PBXVariantGroup;
			children = (
				FA7D031221E8BB8C0036FBC1 /* Base */,
			);
			name = Main.storyboard;
			sourceTree = "<group>";
		};
		FA7D031921E8BB950036FBC1 /* LaunchScreen.storyboard */ = {
			isa = PBXVariantGroup;
			children = (
				FA7D031A21E8BB950036FBC1 /* Base */,
			);
			name = LaunchScreen.storyboard;
			sourceTree = "<group>";
		};
/* End PBXVariantGroup section */

/* Begin XCBuildConfiguration section */
		FA7D031D21E8BB950036FBC1 /* Debug */ = {
			isa = XCBuildConfiguration;
			buildSettings = {
				ALWAYS_SEARCH_USER_PATHS = NO;
				CLANG_ANALYZER_NONNULL = YES;
				CLANG_ANALYZER_NUMBER_OBJECT_CONVERSION = YES_AGGRESSIVE;
				CLANG_CXX_LANGUAGE_STANDARD = "gnu++14";
				CLANG_CXX_LIBRARY = "libc++";
				CLANG_ENABLE_MODULES = YES;
				CLANG_ENABLE_OBJC_ARC = YES;
				CLANG_ENABLE_OBJC_WEAK = YES;
				CLANG_WARN_BLOCK_CAPTURE_AUTORELEASING = YES;
				CLANG_WARN_BOOL_CONVERSION = YES;
				CLANG_WARN_COMMA = YES;
				CLANG_WARN_CONSTANT_CONVERSION = YES;
				CLANG_WARN_DEPRECATED_OBJC_IMPLEMENTATIONS = YES;
				CLANG_WARN_DIRECT_OBJC_ISA_USAGE = YES_ERROR;
				CLANG_WARN_DOCUMENTATION_COMMENTS = YES;
				CLANG_WARN_EMPTY_BODY = YES;
				CLANG_WARN_ENUM_CONVERSION = YES;
				CLANG_WARN_INFINITE_RECURSION = YES;
				CLANG_WARN_INT_CONVERSION = YES;
				CLANG_WARN_NON_LITERAL_NULL_CONVERSION = YES;
				CLANG_WARN_OBJC_IMPLICIT_RETAIN_SELF = YES;
				CLANG_WARN_OBJC_LITERAL_CONVERSION = YES;
				CLANG_WARN_OBJC_ROOT_CLASS = YES_ERROR;
				CLANG_WARN_RANGE_LOOP_ANALYSIS = YES;
				CLANG_WARN_STRICT_PROTOTYPES = YES;
				CLANG_WARN_SUSPICIOUS_MOVE = YES;
				CLANG_WARN_UNGUARDED_AVAILABILITY = YES_AGGRESSIVE;
				CLANG_WARN_UNREACHABLE_CODE = YES;
				CLANG_WARN__DUPLICATE_METHOD_MATCH = YES;
				CODE_SIGN_IDENTITY = "iPhone Developer";
				COPY_PHASE_STRIP = NO;
				DEBUG_INFORMATION_FORMAT = dwarf;
				ENABLE_STRICT_OBJC_MSGSEND = YES;
				ENABLE_TESTABILITY = YES;
				GCC_C_LANGUAGE_STANDARD = gnu11;
				GCC_DYNAMIC_NO_PIC = NO;
				GCC_NO_COMMON_BLOCKS = YES;
				GCC_OPTIMIZATION_LEVEL = 0;
				GCC_PREPROCESSOR_DEFINITIONS = (
					"DEBUG=1",
					"$(inherited)",
				);
				GCC_WARN_64_TO_32_BIT_CONVERSION = YES;
				GCC_WARN_ABOUT_RETURN_TYPE = YES_ERROR;
				GCC_WARN_UNDECLARED_SELECTOR = YES;
				GCC_WARN_UNINITIALIZED_AUTOS = YES_AGGRESSIVE;
				GCC_WARN_UNUSED_FUNCTION = YES;
				GCC_WARN_UNUSED_VARIABLE = YES;
				IPHONEOS_DEPLOYMENT_TARGET = 12.1;
				MTL_ENABLE_DEBUG_INFO = INCLUDE_SOURCE;
				MTL_FAST_MATH = YES;
				ONLY_ACTIVE_ARCH = YES;
				SDKROOT = iphoneos;
				SWIFT_ACTIVE_COMPILATION_CONDITIONS = DEBUG;
				SWIFT_OPTIMIZATION_LEVEL = "-Onone";
			};
			name = Debug;
		};
		FA7D031E21E8BB950036FBC1 /* Release */ = {
			isa = XCBuildConfiguration;
			buildSettings = {
				ALWAYS_SEARCH_USER_PATHS = NO;
				CLANG_ANALYZER_NONNULL = YES;
				CLANG_ANALYZER_NUMBER_OBJECT_CONVERSION = YES_AGGRESSIVE;
				CLANG_CXX_LANGUAGE_STANDARD = "gnu++14";
				CLANG_CXX_LIBRARY = "libc++";
				CLANG_ENABLE_MODULES = YES;
				CLANG_ENABLE_OBJC_ARC = YES;
				CLANG_ENABLE_OBJC_WEAK = YES;
				CLANG_WARN_BLOCK_CAPTURE_AUTORELEASING = YES;
				CLANG_WARN_BOOL_CONVERSION = YES;
				CLANG_WARN_COMMA = YES;
				CLANG_WARN_CONSTANT_CONVERSION = YES;
				CLANG_WARN_DEPRECATED_OBJC_IMPLEMENTATIONS = YES;
				CLANG_WARN_DIRECT_OBJC_ISA_USAGE = YES_ERROR;
				CLANG_WARN_DOCUMENTATION_COMMENTS = YES;
				CLANG_WARN_EMPTY_BODY = YES;
				CLANG_WARN_ENUM_CONVERSION = YES;
				CLANG_WARN_INFINITE_RECURSION = YES;
				CLANG_WARN_INT_CONVERSION = YES;
				CLANG_WARN_NON_LITERAL_NULL_CONVERSION = YES;
				CLANG_WARN_OBJC_IMPLICIT_RETAIN_SELF = YES;
				CLANG_WARN_OBJC_LITERAL_CONVERSION = YES;
				CLANG_WARN_OBJC_ROOT_CLASS = YES_ERROR;
				CLANG_WARN_RANGE_LOOP_ANALYSIS = YES;
				CLANG_WARN_STRICT_PROTOTYPES = YES;
				CLANG_WARN_SUSPICIOUS_MOVE = YES;
				CLANG_WARN_UNGUARDED_AVAILABILITY = YES_AGGRESSIVE;
				CLANG_WARN_UNREACHABLE_CODE = YES;
				CLANG_WARN__DUPLICATE_METHOD_MATCH = YES;
				CODE_SIGN_IDENTITY = "iPhone Developer";
				COPY_PHASE_STRIP = NO;
				DEBUG_INFORMATION_FORMAT = "dwarf-with-dsym";
				ENABLE_NS_ASSERTIONS = NO;
				ENABLE_STRICT_OBJC_MSGSEND = YES;
				GCC_C_LANGUAGE_STANDARD = gnu11;
				GCC_NO_COMMON_BLOCKS = YES;
				GCC_WARN_64_TO_32_BIT_CONVERSION = YES;
				GCC_WARN_ABOUT_RETURN_TYPE = YES_ERROR;
				GCC_WARN_UNDECLARED_SELECTOR = YES;
				GCC_WARN_UNINITIALIZED_AUTOS = YES_AGGRESSIVE;
				GCC_WARN_UNUSED_FUNCTION = YES;
				GCC_WARN_UNUSED_VARIABLE = YES;
				IPHONEOS_DEPLOYMENT_TARGET = 12.1;
				MTL_ENABLE_DEBUG_INFO = NO;
				MTL_FAST_MATH = YES;
				SDKROOT = iphoneos;
				SWIFT_COMPILATION_MODE = wholemodule;
				SWIFT_OPTIMIZATION_LEVEL = "-O";
				VALIDATE_PRODUCT = YES;
			};
			name = Release;
		};
		FA7D032021E8BB950036FBC1 /* Debug */ = {
			isa = XCBuildConfiguration;
			baseConfigurationReference = A886131AD3D9518BB8D5D4C2 /* Pods-CoreDataProject.debug.xcconfig */;
			buildSettings = {
				ASSETCATALOG_COMPILER_APPICON_NAME = AppIcon;
				CODE_SIGN_STYLE = Automatic;
				DEVELOPMENT_TEAM = V3SXH4HFW9;
				INFOPLIST_FILE = CoreDataProject/Info.plist;
				IPHONEOS_DEPLOYMENT_TARGET = 10.0;
				LD_RUNPATH_SEARCH_PATHS = (
					"$(inherited)",
					"@executable_path/Frameworks",
				);
				PRODUCT_BUNDLE_IDENTIFIER = com.cykul.CoreDataProject;
				PRODUCT_NAME = "$(TARGET_NAME)";
				SWIFT_VERSION = 4.2;
				TARGETED_DEVICE_FAMILY = 1;
			};
			name = Debug;
		};
		FA7D032121E8BB950036FBC1 /* Release */ = {
			isa = XCBuildConfiguration;
			baseConfigurationReference = BEE30C34A9630AB25EBECDEC /* Pods-CoreDataProject.release.xcconfig */;
			buildSettings = {
				ASSETCATALOG_COMPILER_APPICON_NAME = AppIcon;
				CODE_SIGN_STYLE = Automatic;
				DEVELOPMENT_TEAM = V3SXH4HFW9;
				INFOPLIST_FILE = CoreDataProject/Info.plist;
				IPHONEOS_DEPLOYMENT_TARGET = 10.0;
				LD_RUNPATH_SEARCH_PATHS = (
					"$(inherited)",
					"@executable_path/Frameworks",
				);
				PRODUCT_BUNDLE_IDENTIFIER = com.cykul.CoreDataProject;
				PRODUCT_NAME = "$(TARGET_NAME)";
				SWIFT_VERSION = 4.2;
				TARGETED_DEVICE_FAMILY = 1;
			};
			name = Release;
		};
/* End XCBuildConfiguration section */

/* Begin XCConfigurationList section */
		FA7D030521E8BB8C0036FBC1 /* Build configuration list for PBXProject "CoreDataProject" */ = {
			isa = XCConfigurationList;
			buildConfigurations = (
				FA7D031D21E8BB950036FBC1 /* Debug */,
				FA7D031E21E8BB950036FBC1 /* Release */,
			);
			defaultConfigurationIsVisible = 0;
			defaultConfigurationName = Release;
		};
		FA7D031F21E8BB950036FBC1 /* Build configuration list for PBXNativeTarget "CoreDataProject" */ = {
			isa = XCConfigurationList;
			buildConfigurations = (
				FA7D032021E8BB950036FBC1 /* Debug */,
				FA7D032121E8BB950036FBC1 /* Release */,
			);
			defaultConfigurationIsVisible = 0;
			defaultConfigurationName = Release;
		};
/* End XCConfigurationList section */

/* Begin XCVersionGroup section */
		FA7D031421E8BB8C0036FBC1 /* CoreDataProject.xcdatamodeld */ = {
			isa = XCVersionGroup;
			children = (
				FA7D031521E8BB8C0036FBC1 /* CoreDataProject.xcdatamodel */,
			);
			currentVersion = FA7D031521E8BB8C0036FBC1 /* CoreDataProject.xcdatamodel */;
			path = CoreDataProject.xcdatamodeld;
			sourceTree = "<group>";
			versionGroupType = wrapper.xcdatamodel;
		};
/* End XCVersionGroup section */
	};
	rootObject = FA7D030221E8BB8C0036FBC1 /* Project object */;
}
